
Microsoft Visual Studio Solution File, Format Version 12.00
# Visual Studio Version 17
VisualStudioVersion = 17.3.32804.467
MinimumVisualStudioVersion = 10.0.40219.1
Project("{9A19103F-16F7-4668-BE54-9A1E7A4F7556}") = "VG Music Studio", "VG Music Studio\VG Music Studio.csproj", "{97C8ACF8-66A3-4321-91D6-3E94EACA577F}"
EndProject
Project("{9A19103F-16F7-4668-BE54-9A1E7A4F7556}") = "Sanford.Multimedia.Midi.Core", "Sanford.Multimedia.Midi.Core\Sanford.Multimedia.Midi.Core.csproj", "{C54D7E26-82EC-43BA-9CE7-A5BA1F851EDA}"
EndProject
Project("{9A19103F-16F7-4668-BE54-9A1E7A4F7556}") = "ObjectListView2019", "ObjectListView\ObjectListView2019.csproj", "{6220611C-85D7-45B5-9857-45C0F0FE62A8}"
EndProject
Project("{9A19103F-16F7-4668-BE54-9A1E7A4F7556}") = "WinForms", "UI\WinForms\WinForms.csproj", "{666D0E05-B3AE-4FD3-A5CD-590391810BFB}"
EndProject
Project("{9A19103F-16F7-4668-BE54-9A1E7A4F7556}") = "GTK3", "UI\GTK3\GTK3.csproj", "{B5E88AEC-8AFA-4E04-B5BA-EF54323074E7}"
EndProject
Project("{9A19103F-16F7-4668-BE54-9A1E7A4F7556}") = "EndianBinaryIO", "EndianBinaryIO\EndianBinaryIO.csproj", "{9948C008-F34E-4B12-9752-77C541A92B20}"
EndProject
Project("{9A19103F-16F7-4668-BE54-9A1E7A4F7556}") = "DLS2", "DLS2\DLS2.csproj", "{740D679A-40F6-473A-88E3-A078E360C421}"
EndProject
Project("{9A19103F-16F7-4668-BE54-9A1E7A4F7556}") = "SoundFont2", "SoundFont2\SoundFont2.csproj", "{FFBD4ACF-0C86-4619-A095-E291ABF6E731}"
EndProject
Global
	GlobalSection(SolutionConfigurationPlatforms) = preSolution
		Debug|Any CPU = Debug|Any CPU
		Release|Any CPU = Release|Any CPU
	EndGlobalSection
	GlobalSection(ProjectConfigurationPlatforms) = postSolution
		{97C8ACF8-66A3-4321-91D6-3E94EACA577F}.Debug|Any CPU.ActiveCfg = Debug|Any CPU
		{97C8ACF8-66A3-4321-91D6-3E94EACA577F}.Debug|Any CPU.Build.0 = Debug|Any CPU
		{97C8ACF8-66A3-4321-91D6-3E94EACA577F}.Release|Any CPU.ActiveCfg = Release|Any CPU
		{97C8ACF8-66A3-4321-91D6-3E94EACA577F}.Release|Any CPU.Build.0 = Release|Any CPU
		{C54D7E26-82EC-43BA-9CE7-A5BA1F851EDA}.Debug|Any CPU.ActiveCfg = Debug|Any CPU
		{C54D7E26-82EC-43BA-9CE7-A5BA1F851EDA}.Debug|Any CPU.Build.0 = Debug|Any CPU
		{C54D7E26-82EC-43BA-9CE7-A5BA1F851EDA}.Release|Any CPU.ActiveCfg = Release|Any CPU
		{C54D7E26-82EC-43BA-9CE7-A5BA1F851EDA}.Release|Any CPU.Build.0 = Release|Any CPU
		{6220611C-85D7-45B5-9857-45C0F0FE62A8}.Debug|Any CPU.ActiveCfg = Debug|Any CPU
		{6220611C-85D7-45B5-9857-45C0F0FE62A8}.Debug|Any CPU.Build.0 = Debug|Any CPU
		{6220611C-85D7-45B5-9857-45C0F0FE62A8}.Release|Any CPU.ActiveCfg = Release|Any CPU
		{6220611C-85D7-45B5-9857-45C0F0FE62A8}.Release|Any CPU.Build.0 = Release|Any CPU
		{666D0E05-B3AE-4FD3-A5CD-590391810BFB}.Debug|Any CPU.ActiveCfg = Debug|Any CPU
		{666D0E05-B3AE-4FD3-A5CD-590391810BFB}.Debug|Any CPU.Build.0 = Debug|Any CPU
		{666D0E05-B3AE-4FD3-A5CD-590391810BFB}.Release|Any CPU.ActiveCfg = Release|Any CPU
		{666D0E05-B3AE-4FD3-A5CD-590391810BFB}.Release|Any CPU.Build.0 = Release|Any CPU
		{B5E88AEC-8AFA-4E04-B5BA-EF54323074E7}.Debug|Any CPU.ActiveCfg = Debug|Any CPU
		{B5E88AEC-8AFA-4E04-B5BA-EF54323074E7}.Debug|Any CPU.Build.0 = Debug|Any CPU
		{B5E88AEC-8AFA-4E04-B5BA-EF54323074E7}.Release|Any CPU.ActiveCfg = Release|Any CPU
		{B5E88AEC-8AFA-4E04-B5BA-EF54323074E7}.Release|Any CPU.Build.0 = Release|Any CPU
		{9948C008-F34E-4B12-9752-77C541A92B20}.Debug|Any CPU.ActiveCfg = Debug|Any CPU
		{9948C008-F34E-4B12-9752-77C541A92B20}.Debug|Any CPU.Build.0 = Debug|Any CPU
		{9948C008-F34E-4B12-9752-77C541A92B20}.Release|Any CPU.ActiveCfg = Release|Any CPU
		{9948C008-F34E-4B12-9752-77C541A92B20}.Release|Any CPU.Build.0 = Release|Any CPU
		{740D679A-40F6-473A-88E3-A078E360C421}.Debug|Any CPU.ActiveCfg = Debug|Any CPU
		{740D679A-40F6-473A-88E3-A078E360C421}.Debug|Any CPU.Build.0 = Debug|Any CPU
		{740D679A-40F6-473A-88E3-A078E360C421}.Release|Any CPU.ActiveCfg = Release|Any CPU
		{740D679A-40F6-473A-88E3-A078E360C421}.Release|Any CPU.Build.0 = Release|Any CPU
		{FFBD4ACF-0C86-4619-A095-E291ABF6E731}.Debug|Any CPU.ActiveCfg = Release|Any CPU
		{FFBD4ACF-0C86-4619-A095-E291ABF6E731}.Debug|Any CPU.Build.0 = Release|Any CPU
		{FFBD4ACF-0C86-4619-A095-E291ABF6E731}.Release|Any CPU.ActiveCfg = Release|Any CPU
		{FFBD4ACF-0C86-4619-A095-E291ABF6E731}.Release|Any CPU.Build.0 = Release|Any CPU
	EndGlobalSection
	GlobalSection(SolutionProperties) = preSolution
		HideSolutionNode = FALSE
	EndGlobalSection
	GlobalSection(ExtensibilityGlobals) = postSolution
		SolutionGuid = {4858DADE-EB1D-47C1-8033-425E0A805959}
	EndGlobalSection
EndGlobal
